
Microsoft Visual Studio Solution File, Format Version 12.00
# Visual Studio Version 16
VisualStudioVersion = 16.0.30804.86
MinimumVisualStudioVersion = 10.0.40219.1
Project("{FAE04EC0-301F-11D3-BF4B-00C04F79EFBC}") = "WindowsFormsApp1", "WindowsFormsApp1\WindowsFormsApp1.csproj", "{75D093F0-EC1F-497C-AA0B-A9845834936C}"
EndProject
Global
	GlobalSection(SolutionConfigurationPlatforms) = preSolution
		Debug|Any CPU = Debug|Any CPU
		Release|Any CPU = Release|Any CPU
	EndGlobalSection
	GlobalSection(ProjectConfigurationPlatforms) = postSolution
		{75D093F0-EC1F-497C-AA0B-A9845834936C}.Debug|Any CPU.ActiveCfg = Debug|Any CPU
		{75D093F0-EC1F-497C-AA0B-A9845834936C}.Debug|Any CPU.Build.0 = Debug|Any CPU
		{75D093F0-EC1F-497C-AA0B-A9845834936C}.Release|Any CPU.ActiveCfg = Release|Any CPU
		{75D093F0-EC1F-497C-AA0B-A9845834936C}.Release|Any CPU.Build.0 = Release|Any CPU
	EndGlobalSection
	GlobalSection(SolutionProperties) = preSolution
		HideSolutionNode = FALSE
	EndGlobalSection
	GlobalSection(ExtensibilityGlobals) = postSolution
		SolutionGuid = {05CFFC0E-E251-4928-8CBD-58BF1F0485D8}
	EndGlobalSection
EndGlobal
